{
  "version": 4,
  "terraform_version": "1.8.5",
  "serial": 20,
  "lineage": "0e81b13c-361a-c45b-2b50-291d835ed29e",
  "outputs": {},
  "resources": [
    {
      "module": "module.bastion_a1",
      "mode": "data",
      "type": "azurerm_subnet",
      "name": "subnet",
      "provider": "provider[\"registry.terraform.io/hashicorp/azurerm\"]",
      "instances": [
        {
          "schema_version": 0,
          "attributes": {
            "address_prefix": "10.1.2.0/24",
            "address_prefixes": [
              "10.1.2.0/24"
            ],
            "default_outbound_access_enabled": true,
            "enforce_private_link_endpoint_network_policies": true,
            "enforce_private_link_service_network_policies": false,
            "id": "/subscriptions/b4401848-2108-40d4-880d-2c20c49bfffa/resourceGroups/rg-testing-dev-ci-01/providers/Microsoft.Network/virtualNetworks/vnet-prod/subnets/AzureBastionSubnet",
            "name": "AzureBastionSubnet",
            "network_security_group_id": "",
            "private_endpoint_network_policies": "Disabled",
            "private_endpoint_network_policies_enabled": false,
            "private_link_service_network_policies_enabled": true,
            "resource_group_name": "rg-testing-dev-ci-01",
            "route_table_id": "",
            "service_endpoints": [],
            "timeouts": null,
            "virtual_network_name": "vnet-prod"
          },
          "sensitive_attributes": []
        }
      ]
    },
    {
      "module": "module.bastion_a1",
      "mode": "managed",
      "type": "azurerm_bastion_host",
      "name": "bst",
      "provider": "provider[\"registry.terraform.io/hashicorp/azurerm\"]",
      "instances": [
        {
          "schema_version": 0,
          "attributes": {
            "copy_paste_enabled": false,
            "dns_name": "bst-def6e309-0cd3-4a5f-80e6-657ba6a014c9.bastion.azure.com",
            "file_copy_enabled": false,
            "id": "/subscriptions/b4401848-2108-40d4-880d-2c20c49bfffa/resourceGroups/rg-testing-dev-ci-01/providers/Microsoft.Network/bastionHosts/prod_bastion",
            "ip_configuration": [
              {
                "name": "prod_bastion",
                "public_ip_address_id": "/subscriptions/b4401848-2108-40d4-880d-2c20c49bfffa/resourceGroups/rg-testing-dev-ci-01/providers/Microsoft.Network/publicIPAddresses/bastion_pip",
                "subnet_id": "/subscriptions/b4401848-2108-40d4-880d-2c20c49bfffa/resourceGroups/rg-testing-dev-ci-01/providers/Microsoft.Network/virtualNetworks/vnet-prod/subnets/AzureBastionSubnet"
              }
            ],
            "ip_connect_enabled": false,
            "kerberos_enabled": false,
            "location": "centralindia",
            "name": "prod_bastion",
            "resource_group_name": "rg-testing-dev-ci-01",
            "scale_units": 2,
            "shareable_link_enabled": false,
            "sku": "Basic",
            "tags": {
              "terraform": "1"
            },
            "timeouts": null,
            "tunneling_enabled": false,
            "virtual_network_id": ""
          },
          "sensitive_attributes": [],
          "private": "eyJlMmJmYjczMC1lY2FhLTExZTYtOGY4OC0zNDM2M2JjN2M0YzAiOnsiY3JlYXRlIjoxODAwMDAwMDAwMDAwLCJkZWxldGUiOjE4MDAwMDAwMDAwMDAsInJlYWQiOjMwMDAwMDAwMDAwMCwidXBkYXRlIjoxODAwMDAwMDAwMDAwfX0=",
          "dependencies": [
            "module.bastion_a1.azurerm_public_ip.pip",
            "module.bastion_a1.data.azurerm_subnet.subnet"
          ]
        }
      ]
    },
    {
      "module": "module.bastion_a1",
      "mode": "managed",
      "type": "azurerm_public_ip",
      "name": "pip",
      "provider": "provider[\"registry.terraform.io/hashicorp/azurerm\"]",
      "instances": [
        {
          "schema_version": 0,
          "attributes": {
            "allocation_method": "Static",
            "ddos_protection_mode": "VirtualNetworkInherited",
            "ddos_protection_plan_id": null,
            "domain_name_label": null,
            "edge_zone": "",
            "fqdn": null,
            "id": "/subscriptions/b4401848-2108-40d4-880d-2c20c49bfffa/resourceGroups/rg-testing-dev-ci-01/providers/Microsoft.Network/publicIPAddresses/bastion_pip",
            "idle_timeout_in_minutes": 4,
            "ip_address": "4.247.136.196",
            "ip_tags": null,
            "ip_version": "IPv4",
            "location": "centralindia",
            "name": "bastion_pip",
            "public_ip_prefix_id": null,
            "resource_group_name": "rg-testing-dev-ci-01",
            "reverse_fqdn": null,
            "sku": "Standard",
            "sku_tier": "Regional",
            "tags": {
              "terraform": "1"
            },
            "timeouts": null,
            "zones": null
          },
          "sensitive_attributes": [],
          "private": "eyJlMmJmYjczMC1lY2FhLTExZTYtOGY4OC0zNDM2M2JjN2M0YzAiOnsiY3JlYXRlIjoxODAwMDAwMDAwMDAwLCJkZWxldGUiOjE4MDAwMDAwMDAwMDAsInJlYWQiOjMwMDAwMDAwMDAwMCwidXBkYXRlIjoxODAwMDAwMDAwMDAwfX0="
        }
      ]
    },
    {
      "module": "module.peering1",
      "mode": "managed",
      "type": "azurerm_virtual_network_peering",
      "name": "virtual_network_peering",
      "provider": "module.peering1.provider[\"registry.terraform.io/hashicorp/azurerm\"]",
      "instances": [
        {
          "index_key": "peering1",
          "schema_version": 0,
          "attributes": {
            "allow_forwarded_traffic": false,
            "allow_gateway_transit": false,
            "allow_virtual_network_access": true,
            "id": "/subscriptions/b4401848-2108-40d4-880d-2c20c49bfffa/resourceGroups/rg-testing-dev-ci-01/providers/Microsoft.Network/virtualNetworks/vnet-prod/virtualNetworkPeerings/prod-to-nonprod",
            "name": "prod-to-nonprod",
            "remote_virtual_network_id": "/subscriptions/b4401848-2108-40d4-880d-2c20c49bfffa/resourceGroups/rg-testing-dev-ci-01/providers/Microsoft.Network/virtualNetworks/vnet-nonprod",
            "resource_group_name": "rg-testing-dev-ci-01",
            "timeouts": null,
            "triggers": null,
            "use_remote_gateways": false,
            "virtual_network_name": "vnet-prod"
          },
          "sensitive_attributes": [],
          "private": "eyJlMmJmYjczMC1lY2FhLTExZTYtOGY4OC0zNDM2M2JjN2M0YzAiOnsiY3JlYXRlIjoxODAwMDAwMDAwMDAwLCJkZWxldGUiOjE4MDAwMDAwMDAwMDAsInJlYWQiOjMwMDAwMDAwMDAwMCwidXBkYXRlIjoxODAwMDAwMDAwMDAwfX0="
        },
        {
          "index_key": "peering2",
          "schema_version": 0,
          "attributes": {
            "allow_forwarded_traffic": false,
            "allow_gateway_transit": false,
            "allow_virtual_network_access": true,
            "id": "/subscriptions/b4401848-2108-40d4-880d-2c20c49bfffa/resourceGroups/rg-testing-dev-ci-01/providers/Microsoft.Network/virtualNetworks/vnet-prod/virtualNetworkPeerings/prod-to-test",
            "name": "prod-to-test",
            "remote_virtual_network_id": "/subscriptions/b4401848-2108-40d4-880d-2c20c49bfffa/resourceGroups/rg-testing-dev-ci-01/providers/Microsoft.Network/virtualNetworks/vnet-test",
            "resource_group_name": "rg-testing-dev-ci-01",
            "timeouts": null,
            "triggers": null,
            "use_remote_gateways": false,
            "virtual_network_name": "vnet-prod"
          },
          "sensitive_attributes": [],
          "private": "eyJlMmJmYjczMC1lY2FhLTExZTYtOGY4OC0zNDM2M2JjN2M0YzAiOnsiY3JlYXRlIjoxODAwMDAwMDAwMDAwLCJkZWxldGUiOjE4MDAwMDAwMDAwMDAsInJlYWQiOjMwMDAwMDAwMDAwMCwidXBkYXRlIjoxODAwMDAwMDAwMDAwfX0="
        },
        {
          "index_key": "peering3",
          "schema_version": 0,
          "attributes": {
            "allow_forwarded_traffic": true,
            "allow_gateway_transit": false,
            "allow_virtual_network_access": true,
            "id": "/subscriptions/b4401848-2108-40d4-880d-2c20c49bfffa/resourceGroups/rg-testing-dev-ci-01/providers/Microsoft.Network/virtualNetworks/vnet-nonprod/virtualNetworkPeerings/non-prod-to-prod",
            "name": "non-prod-to-prod",
            "remote_virtual_network_id": "/subscriptions/b4401848-2108-40d4-880d-2c20c49bfffa/resourceGroups/rg-testing-dev-ci-01/providers/Microsoft.Network/virtualNetworks/vnet-prod",
            "resource_group_name": "rg-testing-dev-ci-01",
            "timeouts": null,
            "triggers": null,
            "use_remote_gateways": false,
            "virtual_network_name": "vnet-nonprod"
          },
          "sensitive_attributes": [],
          "private": "eyJlMmJmYjczMC1lY2FhLTExZTYtOGY4OC0zNDM2M2JjN2M0YzAiOnsiY3JlYXRlIjoxODAwMDAwMDAwMDAwLCJkZWxldGUiOjE4MDAwMDAwMDAwMDAsInJlYWQiOjMwMDAwMDAwMDAwMCwidXBkYXRlIjoxODAwMDAwMDAwMDAwfX0="
        },
        {
          "index_key": "peering4",
          "schema_version": 0,
          "attributes": {
            "allow_forwarded_traffic": true,
            "allow_gateway_transit": false,
            "allow_virtual_network_access": true,
            "id": "/subscriptions/b4401848-2108-40d4-880d-2c20c49bfffa/resourceGroups/rg-testing-dev-ci-01/providers/Microsoft.Network/virtualNetworks/vnet-test/virtualNetworkPeerings/test-to-prod",
            "name": "test-to-prod",
            "remote_virtual_network_id": "/subscriptions/b4401848-2108-40d4-880d-2c20c49bfffa/resourceGroups/rg-testing-dev-ci-01/providers/Microsoft.Network/virtualNetworks/vnet-prod",
            "resource_group_name": "rg-testing-dev-ci-01",
            "timeouts": null,
            "triggers": null,
            "use_remote_gateways": false,
            "virtual_network_name": "vnet-test"
          },
          "sensitive_attributes": [],
          "private": "eyJlMmJmYjczMC1lY2FhLTExZTYtOGY4OC0zNDM2M2JjN2M0YzAiOnsiY3JlYXRlIjoxODAwMDAwMDAwMDAwLCJkZWxldGUiOjE4MDAwMDAwMDAwMDAsInJlYWQiOjMwMDAwMDAwMDAwMCwidXBkYXRlIjoxODAwMDAwMDAwMDAwfX0="
        }
      ]
    },
    {
      "module": "module.vm1a",
      "mode": "data",
      "type": "azurerm_subnet",
      "name": "example",
      "provider": "module.vm1a.provider[\"registry.terraform.io/hashicorp/azurerm\"]",
      "instances": [
        {
          "schema_version": 0,
          "attributes": {
            "address_prefix": "10.0.1.0/24",
            "address_prefixes": [
              "10.0.1.0/24"
            ],
            "default_outbound_access_enabled": true,
            "enforce_private_link_endpoint_network_policies": true,
            "enforce_private_link_service_network_policies": false,
            "id": "/subscriptions/b4401848-2108-40d4-880d-2c20c49bfffa/resourceGroups/rg-testing-dev-ci-01/providers/Microsoft.Network/virtualNetworks/vnet-test/subnets/default",
            "name": "default",
            "network_security_group_id": "",
            "private_endpoint_network_policies": "Disabled",
            "private_endpoint_network_policies_enabled": false,
            "private_link_service_network_policies_enabled": true,
            "resource_group_name": "rg-testing-dev-ci-01",
            "route_table_id": "",
            "service_endpoints": [],
            "timeouts": null,
            "virtual_network_name": "vnet-test"
          },
          "sensitive_attributes": []
        }
      ]
    },
    {
      "module": "module.vm1a",
      "mode": "managed",
      "type": "azurerm_network_interface",
      "name": "example",
      "provider": "module.vm1a.provider[\"registry.terraform.io/hashicorp/azurerm\"]",
      "instances": [
        {
          "schema_version": 0,
          "attributes": {
            "accelerated_networking_enabled": false,
            "applied_dns_servers": [],
            "auxiliary_mode": "",
            "auxiliary_sku": "",
            "dns_servers": [],
            "edge_zone": "",
            "enable_accelerated_networking": false,
            "enable_ip_forwarding": false,
            "id": "/subscriptions/b4401848-2108-40d4-880d-2c20c49bfffa/resourceGroups/rg-testing-dev-ci-01/providers/Microsoft.Network/networkInterfaces/nic-vm1a",
            "internal_dns_name_label": "",
            "internal_domain_name_suffix": "wiv3r4rwcxhu3cr45hr1j2caia.rx.internal.cloudapp.net",
            "ip_configuration": [
              {
                "gateway_load_balancer_frontend_ip_configuration_id": "",
                "name": "internal",
                "primary": true,
                "private_ip_address": "10.0.1.4",
                "private_ip_address_allocation": "Dynamic",
                "private_ip_address_version": "IPv4",
                "public_ip_address_id": "",
                "subnet_id": "/subscriptions/b4401848-2108-40d4-880d-2c20c49bfffa/resourceGroups/rg-testing-dev-ci-01/providers/Microsoft.Network/virtualNetworks/vnet-test/subnets/default"
              }
            ],
            "ip_forwarding_enabled": false,
            "location": "centralindia",
            "mac_address": "",
            "name": "nic-vm1a",
            "private_ip_address": "10.0.1.4",
            "private_ip_addresses": [
              "10.0.1.4"
            ],
            "resource_group_name": "rg-testing-dev-ci-01",
            "tags": null,
            "timeouts": null,
            "virtual_machine_id": ""
          },
          "sensitive_attributes": [],
          "private": "eyJlMmJmYjczMC1lY2FhLTExZTYtOGY4OC0zNDM2M2JjN2M0YzAiOnsiY3JlYXRlIjoxODAwMDAwMDAwMDAwLCJkZWxldGUiOjE4MDAwMDAwMDAwMDAsInJlYWQiOjMwMDAwMDAwMDAwMCwidXBkYXRlIjoxODAwMDAwMDAwMDAwfX0=",
          "dependencies": [
            "module.vm1a.data.azurerm_subnet.example"
          ]
        }
      ]
    },
    {
      "module": "module.vm1a",
      "mode": "managed",
      "type": "azurerm_windows_virtual_machine",
      "name": "example",
      "provider": "module.vm1a.provider[\"registry.terraform.io/hashicorp/azurerm\"]",
      "instances": [
        {
          "schema_version": 0,
          "attributes": {
            "additional_capabilities": [],
            "additional_unattend_content": [],
            "admin_password": "P@$$w0rd1234!",
            "admin_username": "adminuser",
            "allow_extension_operations": true,
            "availability_set_id": "",
            "boot_diagnostics": [],
            "bypass_platform_safety_checks_on_user_schedule_enabled": false,
            "capacity_reservation_group_id": "",
            "computer_name": "vm1a",
            "custom_data": null,
            "dedicated_host_group_id": "",
            "dedicated_host_id": "",
            "disk_controller_type": "",
            "edge_zone": "",
            "enable_automatic_updates": true,
            "encryption_at_host_enabled": false,
            "eviction_policy": "",
            "extensions_time_budget": "PT1H30M",
            "gallery_application": [],
            "hotpatching_enabled": false,
            "id": "/subscriptions/b4401848-2108-40d4-880d-2c20c49bfffa/resourceGroups/rg-testing-dev-ci-01/providers/Microsoft.Compute/virtualMachines/vm1a",
            "identity": [],
            "license_type": "",
            "location": "centralindia",
            "max_bid_price": -1,
            "name": "vm1a",
            "network_interface_ids": [
              "/subscriptions/b4401848-2108-40d4-880d-2c20c49bfffa/resourceGroups/rg-testing-dev-ci-01/providers/Microsoft.Network/networkInterfaces/nic-vm1a"
            ],
            "os_disk": [
              {
                "caching": "ReadWrite",
                "diff_disk_settings": [],
                "disk_encryption_set_id": "",
                "disk_size_gb": 127,
                "name": "vm1a_OsDisk_1_8de6005302264dc2a7eb2df359ac1629",
                "secure_vm_disk_encryption_set_id": "",
                "security_encryption_type": "",
                "storage_account_type": "Standard_LRS",
                "write_accelerator_enabled": false
              }
            ],
            "os_image_notification": [],
            "patch_assessment_mode": "ImageDefault",
            "patch_mode": "AutomaticByOS",
            "plan": [],
            "platform_fault_domain": -1,
            "priority": "Regular",
            "private_ip_address": "10.0.1.4",
            "private_ip_addresses": [
              "10.0.1.4"
            ],
            "provision_vm_agent": true,
            "proximity_placement_group_id": "",
            "public_ip_address": "",
            "public_ip_addresses": [],
            "reboot_setting": "",
            "resource_group_name": "rg-testing-dev-ci-01",
            "secret": [],
            "secure_boot_enabled": false,
            "size": "Standard_B2s",
            "source_image_id": "",
            "source_image_reference": [
              {
                "offer": "WindowsServer",
                "publisher": "MicrosoftWindowsServer",
                "sku": "2016-Datacenter",
                "version": "latest"
              }
            ],
            "tags": null,
            "termination_notification": null,
            "timeouts": null,
            "timezone": "",
            "user_data": "",
            "virtual_machine_id": "41db774e-185a-4cc0-a8a2-12c3f13b5dea",
            "virtual_machine_scale_set_id": "",
            "vm_agent_platform_updates_enabled": false,
            "vtpm_enabled": false,
            "winrm_listener": [],
            "zone": ""
          },
          "sensitive_attributes": [
            [
              {
                "type": "get_attr",
                "value": "admin_password"
              }
            ],
            [
              {
                "type": "get_attr",
                "value": "custom_data"
              }
            ]
          ],
          "private": "eyJlMmJmYjczMC1lY2FhLTExZTYtOGY4OC0zNDM2M2JjN2M0YzAiOnsiY3JlYXRlIjoyNzAwMDAwMDAwMDAwLCJkZWxldGUiOjI3MDAwMDAwMDAwMDAsInJlYWQiOjMwMDAwMDAwMDAwMCwidXBkYXRlIjoyNzAwMDAwMDAwMDAwfX0=",
          "dependencies": [
            "module.vm1a.azurerm_network_interface.example",
            "module.vm1a.data.azurerm_subnet.example"
          ]
        }
      ]
    },
    {
      "module": "module.vm1b",
      "mode": "data",
      "type": "azurerm_subnet",
      "name": "example",
      "provider": "module.vm1b.provider[\"registry.terraform.io/hashicorp/azurerm\"]",
      "instances": [
        {
          "schema_version": 0,
          "attributes": {
            "address_prefix": "10.0.2.0/24",
            "address_prefixes": [
              "10.0.2.0/24"
            ],
            "default_outbound_access_enabled": true,
            "enforce_private_link_endpoint_network_policies": true,
            "enforce_private_link_service_network_policies": false,
            "id": "/subscriptions/b4401848-2108-40d4-880d-2c20c49bfffa/resourceGroups/rg-testing-dev-ci-01/providers/Microsoft.Network/virtualNetworks/vnet-test/subnets/subnet2",
            "name": "subnet2",
            "network_security_group_id": "",
            "private_endpoint_network_policies": "Disabled",
            "private_endpoint_network_policies_enabled": false,
            "private_link_service_network_policies_enabled": true,
            "resource_group_name": "rg-testing-dev-ci-01",
            "route_table_id": "",
            "service_endpoints": [],
            "timeouts": null,
            "virtual_network_name": "vnet-test"
          },
          "sensitive_attributes": []
        }
      ]
    },
    {
      "module": "module.vm1b",
      "mode": "managed",
      "type": "azurerm_network_interface",
      "name": "example",
      "provider": "module.vm1b.provider[\"registry.terraform.io/hashicorp/azurerm\"]",
      "instances": [
        {
          "schema_version": 0,
          "attributes": {
            "accelerated_networking_enabled": false,
            "applied_dns_servers": [],
            "auxiliary_mode": "",
            "auxiliary_sku": "",
            "dns_servers": [],
            "edge_zone": "",
            "enable_accelerated_networking": false,
            "enable_ip_forwarding": false,
            "id": "/subscriptions/b4401848-2108-40d4-880d-2c20c49bfffa/resourceGroups/rg-testing-dev-ci-01/providers/Microsoft.Network/networkInterfaces/nic-vm1b",
            "internal_dns_name_label": "",
            "internal_domain_name_suffix": "wiv3r4rwcxhu3cr45hr1j2caia.rx.internal.cloudapp.net",
            "ip_configuration": [
              {
                "gateway_load_balancer_frontend_ip_configuration_id": "",
                "name": "internal",
                "primary": true,
                "private_ip_address": "10.0.2.4",
                "private_ip_address_allocation": "Dynamic",
                "private_ip_address_version": "IPv4",
                "public_ip_address_id": "",
                "subnet_id": "/subscriptions/b4401848-2108-40d4-880d-2c20c49bfffa/resourceGroups/rg-testing-dev-ci-01/providers/Microsoft.Network/virtualNetworks/vnet-test/subnets/subnet2"
              }
            ],
            "ip_forwarding_enabled": false,
            "location": "centralindia",
            "mac_address": "",
            "name": "nic-vm1b",
            "private_ip_address": "10.0.2.4",
            "private_ip_addresses": [
              "10.0.2.4"
            ],
            "resource_group_name": "rg-testing-dev-ci-01",
            "tags": null,
            "timeouts": null,
            "virtual_machine_id": ""
          },
          "sensitive_attributes": [],
          "private": "eyJlMmJmYjczMC1lY2FhLTExZTYtOGY4OC0zNDM2M2JjN2M0YzAiOnsiY3JlYXRlIjoxODAwMDAwMDAwMDAwLCJkZWxldGUiOjE4MDAwMDAwMDAwMDAsInJlYWQiOjMwMDAwMDAwMDAwMCwidXBkYXRlIjoxODAwMDAwMDAwMDAwfX0=",
          "dependencies": [
            "module.vm1b.data.azurerm_subnet.example"
          ]
        }
      ]
    },
    {
      "module": "module.vm1b",
      "mode": "managed",
      "type": "azurerm_windows_virtual_machine",
      "name": "example",
      "provider": "module.vm1b.provider[\"registry.terraform.io/hashicorp/azurerm\"]",
      "instances": [
        {
          "schema_version": 0,
          "attributes": {
            "additional_capabilities": [],
            "additional_unattend_content": [],
            "admin_password": "P@$$w0rd1234!",
            "admin_username": "adminuser",
            "allow_extension_operations": true,
            "availability_set_id": "",
            "boot_diagnostics": [],
            "bypass_platform_safety_checks_on_user_schedule_enabled": false,
            "capacity_reservation_group_id": "",
            "computer_name": "vm1b",
            "custom_data": null,
            "dedicated_host_group_id": "",
            "dedicated_host_id": "",
            "disk_controller_type": "",
            "edge_zone": "",
            "enable_automatic_updates": true,
            "encryption_at_host_enabled": false,
            "eviction_policy": "",
            "extensions_time_budget": "PT1H30M",
            "gallery_application": [],
            "hotpatching_enabled": false,
            "id": "/subscriptions/b4401848-2108-40d4-880d-2c20c49bfffa/resourceGroups/rg-testing-dev-ci-01/providers/Microsoft.Compute/virtualMachines/vm1b",
            "identity": [],
            "license_type": "",
            "location": "centralindia",
            "max_bid_price": -1,
            "name": "vm1b",
            "network_interface_ids": [
              "/subscriptions/b4401848-2108-40d4-880d-2c20c49bfffa/resourceGroups/rg-testing-dev-ci-01/providers/Microsoft.Network/networkInterfaces/nic-vm1b"
            ],
            "os_disk": [
              {
                "caching": "ReadWrite",
                "diff_disk_settings": [],
                "disk_encryption_set_id": "",
                "disk_size_gb": 127,
                "name": "vm1b_OsDisk_1_40f01107050842e797b8f398f5c9efe7",
                "secure_vm_disk_encryption_set_id": "",
                "security_encryption_type": "",
                "storage_account_type": "Standard_LRS",
                "write_accelerator_enabled": false
              }
            ],
            "os_image_notification": [],
            "patch_assessment_mode": "ImageDefault",
            "patch_mode": "AutomaticByOS",
            "plan": [],
            "platform_fault_domain": -1,
            "priority": "Regular",
            "private_ip_address": "10.0.2.4",
            "private_ip_addresses": [
              "10.0.2.4"
            ],
            "provision_vm_agent": true,
            "proximity_placement_group_id": "",
            "public_ip_address": "",
            "public_ip_addresses": [],
            "reboot_setting": "",
            "resource_group_name": "rg-testing-dev-ci-01",
            "secret": [],
            "secure_boot_enabled": false,
            "size": "Standard_B2s",
            "source_image_id": "",
            "source_image_reference": [
              {
                "offer": "WindowsServer",
                "publisher": "MicrosoftWindowsServer",
                "sku": "2016-Datacenter",
                "version": "latest"
              }
            ],
            "tags": null,
            "termination_notification": null,
            "timeouts": null,
            "timezone": "",
            "user_data": "",
            "virtual_machine_id": "6390247e-fc4b-4093-81e1-7bbd3ecd402e",
            "virtual_machine_scale_set_id": "",
            "vm_agent_platform_updates_enabled": false,
            "vtpm_enabled": false,
            "winrm_listener": [],
            "zone": ""
          },
          "sensitive_attributes": [
            [
              {
                "type": "get_attr",
                "value": "custom_data"
              }
            ],
            [
              {
                "type": "get_attr",
                "value": "admin_password"
              }
            ]
          ],
          "private": "eyJlMmJmYjczMC1lY2FhLTExZTYtOGY4OC0zNDM2M2JjN2M0YzAiOnsiY3JlYXRlIjoyNzAwMDAwMDAwMDAwLCJkZWxldGUiOjI3MDAwMDAwMDAwMDAsInJlYWQiOjMwMDAwMDAwMDAwMCwidXBkYXRlIjoyNzAwMDAwMDAwMDAwfX0=",
          "dependencies": [
            "module.vm1b.azurerm_network_interface.example",
            "module.vm1b.data.azurerm_subnet.example"
          ]
        }
      ]
    },
    {
      "module": "module.vm2a",
      "mode": "data",
      "type": "azurerm_subnet",
      "name": "example",
      "provider": "module.vm2a.provider[\"registry.terraform.io/hashicorp/azurerm\"]",
      "instances": [
        {
          "schema_version": 0,
          "attributes": {
            "address_prefix": "10.1.1.0/24",
            "address_prefixes": [
              "10.1.1.0/24"
            ],
            "default_outbound_access_enabled": true,
            "enforce_private_link_endpoint_network_policies": true,
            "enforce_private_link_service_network_policies": false,
            "id": "/subscriptions/b4401848-2108-40d4-880d-2c20c49bfffa/resourceGroups/rg-testing-dev-ci-01/providers/Microsoft.Network/virtualNetworks/vnet-prod/subnets/default",
            "name": "default",
            "network_security_group_id": "",
            "private_endpoint_network_policies": "Disabled",
            "private_endpoint_network_policies_enabled": false,
            "private_link_service_network_policies_enabled": true,
            "resource_group_name": "rg-testing-dev-ci-01",
            "route_table_id": "",
            "service_endpoints": [],
            "timeouts": null,
            "virtual_network_name": "vnet-prod"
          },
          "sensitive_attributes": []
        }
      ]
    },
    {
      "module": "module.vm2a",
      "mode": "managed",
      "type": "azurerm_network_interface",
      "name": "example",
      "provider": "module.vm2a.provider[\"registry.terraform.io/hashicorp/azurerm\"]",
      "instances": [
        {
          "schema_version": 0,
          "attributes": {
            "accelerated_networking_enabled": false,
            "applied_dns_servers": [],
            "auxiliary_mode": "",
            "auxiliary_sku": "",
            "dns_servers": [],
            "edge_zone": "",
            "enable_accelerated_networking": false,
            "enable_ip_forwarding": false,
            "id": "/subscriptions/b4401848-2108-40d4-880d-2c20c49bfffa/resourceGroups/rg-testing-dev-ci-01/providers/Microsoft.Network/networkInterfaces/nic-vm2a",
            "internal_dns_name_label": "",
            "internal_domain_name_suffix": "wsznerwyfvuunfyml5qyu4a5ia.rx.internal.cloudapp.net",
            "ip_configuration": [
              {
                "gateway_load_balancer_frontend_ip_configuration_id": "",
                "name": "internal",
                "primary": true,
                "private_ip_address": "10.1.1.4",
                "private_ip_address_allocation": "Dynamic",
                "private_ip_address_version": "IPv4",
                "public_ip_address_id": "",
                "subnet_id": "/subscriptions/b4401848-2108-40d4-880d-2c20c49bfffa/resourceGroups/rg-testing-dev-ci-01/providers/Microsoft.Network/virtualNetworks/vnet-prod/subnets/default"
              }
            ],
            "ip_forwarding_enabled": false,
            "location": "centralindia",
            "mac_address": "",
            "name": "nic-vm2a",
            "private_ip_address": "10.1.1.4",
            "private_ip_addresses": [
              "10.1.1.4"
            ],
            "resource_group_name": "rg-testing-dev-ci-01",
            "tags": null,
            "timeouts": null,
            "virtual_machine_id": ""
          },
          "sensitive_attributes": [],
          "private": "eyJlMmJmYjczMC1lY2FhLTExZTYtOGY4OC0zNDM2M2JjN2M0YzAiOnsiY3JlYXRlIjoxODAwMDAwMDAwMDAwLCJkZWxldGUiOjE4MDAwMDAwMDAwMDAsInJlYWQiOjMwMDAwMDAwMDAwMCwidXBkYXRlIjoxODAwMDAwMDAwMDAwfX0=",
          "dependencies": [
            "module.vm2a.data.azurerm_subnet.example"
          ]
        }
      ]
    },
    {
      "module": "module.vm2a",
      "mode": "managed",
      "type": "azurerm_windows_virtual_machine",
      "name": "example",
      "provider": "module.vm2a.provider[\"registry.terraform.io/hashicorp/azurerm\"]",
      "instances": [
        {
          "schema_version": 0,
          "attributes": {
            "additional_capabilities": [],
            "additional_unattend_content": [],
            "admin_password": "P@$$w0rd1234!",
            "admin_username": "adminuser",
            "allow_extension_operations": true,
            "availability_set_id": "",
            "boot_diagnostics": [],
            "bypass_platform_safety_checks_on_user_schedule_enabled": false,
            "capacity_reservation_group_id": "",
            "computer_name": "vm2a",
            "custom_data": null,
            "dedicated_host_group_id": "",
            "dedicated_host_id": "",
            "disk_controller_type": "",
            "edge_zone": "",
            "enable_automatic_updates": true,
            "encryption_at_host_enabled": false,
            "eviction_policy": "",
            "extensions_time_budget": "PT1H30M",
            "gallery_application": [],
            "hotpatching_enabled": false,
            "id": "/subscriptions/b4401848-2108-40d4-880d-2c20c49bfffa/resourceGroups/rg-testing-dev-ci-01/providers/Microsoft.Compute/virtualMachines/vm2a",
            "identity": [],
            "license_type": "",
            "location": "centralindia",
            "max_bid_price": -1,
            "name": "vm2a",
            "network_interface_ids": [
              "/subscriptions/b4401848-2108-40d4-880d-2c20c49bfffa/resourceGroups/rg-testing-dev-ci-01/providers/Microsoft.Network/networkInterfaces/nic-vm2a"
            ],
            "os_disk": [
              {
                "caching": "ReadWrite",
                "diff_disk_settings": [],
                "disk_encryption_set_id": "",
                "disk_size_gb": 127,
                "name": "vm2a_OsDisk_1_2559d4f8f0a04402bf907080387c6197",
                "secure_vm_disk_encryption_set_id": "",
                "security_encryption_type": "",
                "storage_account_type": "Standard_LRS",
                "write_accelerator_enabled": false
              }
            ],
            "os_image_notification": [],
            "patch_assessment_mode": "ImageDefault",
            "patch_mode": "AutomaticByOS",
            "plan": [],
            "platform_fault_domain": -1,
            "priority": "Regular",
            "private_ip_address": "10.1.1.4",
            "private_ip_addresses": [
              "10.1.1.4"
            ],
            "provision_vm_agent": true,
            "proximity_placement_group_id": "",
            "public_ip_address": "",
            "public_ip_addresses": [],
            "reboot_setting": "",
            "resource_group_name": "rg-testing-dev-ci-01",
            "secret": [],
            "secure_boot_enabled": false,
            "size": "Standard_B2s",
            "source_image_id": "",
            "source_image_reference": [
              {
                "offer": "WindowsServer",
                "publisher": "MicrosoftWindowsServer",
                "sku": "2016-Datacenter",
                "version": "latest"
              }
            ],
            "tags": null,
            "termination_notification": null,
            "timeouts": null,
            "timezone": "",
            "user_data": "",
            "virtual_machine_id": "750daeeb-e8cd-4a16-8435-2016ebc8c1d0",
            "virtual_machine_scale_set_id": "",
            "vm_agent_platform_updates_enabled": false,
            "vtpm_enabled": false,
            "winrm_listener": [],
            "zone": ""
          },
          "sensitive_attributes": [
            [
              {
                "type": "get_attr",
                "value": "custom_data"
              }
            ],
            [
              {
                "type": "get_attr",
                "value": "admin_password"
              }
            ]
          ],
          "private": "eyJlMmJmYjczMC1lY2FhLTExZTYtOGY4OC0zNDM2M2JjN2M0YzAiOnsiY3JlYXRlIjoyNzAwMDAwMDAwMDAwLCJkZWxldGUiOjI3MDAwMDAwMDAwMDAsInJlYWQiOjMwMDAwMDAwMDAwMCwidXBkYXRlIjoyNzAwMDAwMDAwMDAwfX0=",
          "dependencies": [
            "module.vm2a.azurerm_network_interface.example",
            "module.vm2a.data.azurerm_subnet.example"
          ]
        }
      ]
    },
    {
      "module": "module.vm2b",
      "mode": "data",
      "type": "azurerm_subnet",
      "name": "example",
      "provider": "module.vm2b.provider[\"registry.terraform.io/hashicorp/azurerm\"]",
      "instances": [
        {
          "schema_version": 0,
          "attributes": {
            "address_prefix": "10.1.2.0/24",
            "address_prefixes": [
              "10.1.2.0/24"
            ],
            "default_outbound_access_enabled": true,
            "enforce_private_link_endpoint_network_policies": true,
            "enforce_private_link_service_network_policies": false,
            "id": "/subscriptions/b4401848-2108-40d4-880d-2c20c49bfffa/resourceGroups/rg-testing-dev-ci-01/providers/Microsoft.Network/virtualNetworks/vnet-prod/subnets/AzureBastionSubnet",
            "name": "AzureBastionSubnet",
            "network_security_group_id": "",
            "private_endpoint_network_policies": "Disabled",
            "private_endpoint_network_policies_enabled": false,
            "private_link_service_network_policies_enabled": true,
            "resource_group_name": "rg-testing-dev-ci-01",
            "route_table_id": "",
            "service_endpoints": [],
            "timeouts": null,
            "virtual_network_name": "vnet-prod"
          },
          "sensitive_attributes": []
        }
      ]
    },
    {
      "module": "module.vm3a",
      "mode": "data",
      "type": "azurerm_subnet",
      "name": "example",
      "provider": "module.vm3a.provider[\"registry.terraform.io/hashicorp/azurerm\"]",
      "instances": [
        {
          "schema_version": 0,
          "attributes": {
            "address_prefix": "10.2.1.0/24",
            "address_prefixes": [
              "10.2.1.0/24"
            ],
            "default_outbound_access_enabled": true,
            "enforce_private_link_endpoint_network_policies": true,
            "enforce_private_link_service_network_policies": false,
            "id": "/subscriptions/b4401848-2108-40d4-880d-2c20c49bfffa/resourceGroups/rg-testing-dev-ci-01/providers/Microsoft.Network/virtualNetworks/vnet-nonprod/subnets/default",
            "name": "default",
            "network_security_group_id": "",
            "private_endpoint_network_policies": "Disabled",
            "private_endpoint_network_policies_enabled": false,
            "private_link_service_network_policies_enabled": true,
            "resource_group_name": "rg-testing-dev-ci-01",
            "route_table_id": "",
            "service_endpoints": [],
            "timeouts": null,
            "virtual_network_name": "vnet-nonprod"
          },
          "sensitive_attributes": []
        }
      ]
    },
    {
      "module": "module.vm3a",
      "mode": "managed",
      "type": "azurerm_network_interface",
      "name": "example",
      "provider": "module.vm3a.provider[\"registry.terraform.io/hashicorp/azurerm\"]",
      "instances": [
        {
          "schema_version": 0,
          "attributes": {
            "accelerated_networking_enabled": false,
            "applied_dns_servers": [],
            "auxiliary_mode": "",
            "auxiliary_sku": "",
            "dns_servers": [],
            "edge_zone": "",
            "enable_accelerated_networking": false,
            "enable_ip_forwarding": false,
            "id": "/subscriptions/b4401848-2108-40d4-880d-2c20c49bfffa/resourceGroups/rg-testing-dev-ci-01/providers/Microsoft.Network/networkInterfaces/nic-vm3",
            "internal_dns_name_label": "",
            "internal_domain_name_suffix": "tsz14bn1szbejdqxcns2xb44fd.rx.internal.cloudapp.net",
            "ip_configuration": [
              {
                "gateway_load_balancer_frontend_ip_configuration_id": "",
                "name": "internal",
                "primary": true,
                "private_ip_address": "10.2.1.4",
                "private_ip_address_allocation": "Dynamic",
                "private_ip_address_version": "IPv4",
                "public_ip_address_id": "",
                "subnet_id": "/subscriptions/b4401848-2108-40d4-880d-2c20c49bfffa/resourceGroups/rg-testing-dev-ci-01/providers/Microsoft.Network/virtualNetworks/vnet-nonprod/subnets/default"
              }
            ],
            "ip_forwarding_enabled": false,
            "location": "centralindia",
            "mac_address": "",
            "name": "nic-vm3",
            "private_ip_address": "10.2.1.4",
            "private_ip_addresses": [
              "10.2.1.4"
            ],
            "resource_group_name": "rg-testing-dev-ci-01",
            "tags": null,
            "timeouts": null,
            "virtual_machine_id": ""
          },
          "sensitive_attributes": [],
          "private": "eyJlMmJmYjczMC1lY2FhLTExZTYtOGY4OC0zNDM2M2JjN2M0YzAiOnsiY3JlYXRlIjoxODAwMDAwMDAwMDAwLCJkZWxldGUiOjE4MDAwMDAwMDAwMDAsInJlYWQiOjMwMDAwMDAwMDAwMCwidXBkYXRlIjoxODAwMDAwMDAwMDAwfX0=",
          "dependencies": [
            "module.vm3a.data.azurerm_subnet.example"
          ]
        }
      ]
    },
    {
      "module": "module.vm3a",
      "mode": "managed",
      "type": "azurerm_windows_virtual_machine",
      "name": "example",
      "provider": "module.vm3a.provider[\"registry.terraform.io/hashicorp/azurerm\"]",
      "instances": [
        {
          "schema_version": 0,
          "attributes": {
            "additional_capabilities": [],
            "additional_unattend_content": [],
            "admin_password": "P@$$w0rd1234!",
            "admin_username": "adminuser",
            "allow_extension_operations": true,
            "availability_set_id": "",
            "boot_diagnostics": [],
            "bypass_platform_safety_checks_on_user_schedule_enabled": false,
            "capacity_reservation_group_id": "",
            "computer_name": "vm3a",
            "custom_data": null,
            "dedicated_host_group_id": "",
            "dedicated_host_id": "",
            "disk_controller_type": "",
            "edge_zone": "",
            "enable_automatic_updates": true,
            "encryption_at_host_enabled": false,
            "eviction_policy": "",
            "extensions_time_budget": "PT1H30M",
            "gallery_application": [],
            "hotpatching_enabled": false,
            "id": "/subscriptions/b4401848-2108-40d4-880d-2c20c49bfffa/resourceGroups/rg-testing-dev-ci-01/providers/Microsoft.Compute/virtualMachines/vm3a",
            "identity": [],
            "license_type": "",
            "location": "centralindia",
            "max_bid_price": -1,
            "name": "vm3a",
            "network_interface_ids": [
              "/subscriptions/b4401848-2108-40d4-880d-2c20c49bfffa/resourceGroups/rg-testing-dev-ci-01/providers/Microsoft.Network/networkInterfaces/nic-vm3"
            ],
            "os_disk": [
              {
                "caching": "ReadWrite",
                "diff_disk_settings": [],
                "disk_encryption_set_id": "",
                "disk_size_gb": 127,
                "name": "vm3a_OsDisk_1_fb6e15c20c6e4bc794b16b939404a9d8",
                "secure_vm_disk_encryption_set_id": "",
                "security_encryption_type": "",
                "storage_account_type": "Standard_LRS",
                "write_accelerator_enabled": false
              }
            ],
            "os_image_notification": [],
            "patch_assessment_mode": "ImageDefault",
            "patch_mode": "AutomaticByOS",
            "plan": [],
            "platform_fault_domain": -1,
            "priority": "Regular",
            "private_ip_address": "10.2.1.4",
            "private_ip_addresses": [
              "10.2.1.4"
            ],
            "provision_vm_agent": true,
            "proximity_placement_group_id": "",
            "public_ip_address": "",
            "public_ip_addresses": [],
            "reboot_setting": "",
            "resource_group_name": "rg-testing-dev-ci-01",
            "secret": [],
            "secure_boot_enabled": false,
            "size": "Standard_B2s",
            "source_image_id": "",
            "source_image_reference": [
              {
                "offer": "WindowsServer",
                "publisher": "MicrosoftWindowsServer",
                "sku": "2016-Datacenter",
                "version": "latest"
              }
            ],
            "tags": null,
            "termination_notification": null,
            "timeouts": null,
            "timezone": "",
            "user_data": "",
            "virtual_machine_id": "c1486d36-3b64-4cec-af1d-4bbcfe7a554d",
            "virtual_machine_scale_set_id": "",
            "vm_agent_platform_updates_enabled": false,
            "vtpm_enabled": false,
            "winrm_listener": [],
            "zone": ""
          },
          "sensitive_attributes": [
            [
              {
                "type": "get_attr",
                "value": "admin_password"
              }
            ],
            [
              {
                "type": "get_attr",
                "value": "custom_data"
              }
            ]
          ],
          "private": "eyJlMmJmYjczMC1lY2FhLTExZTYtOGY4OC0zNDM2M2JjN2M0YzAiOnsiY3JlYXRlIjoyNzAwMDAwMDAwMDAwLCJkZWxldGUiOjI3MDAwMDAwMDAwMDAsInJlYWQiOjMwMDAwMDAwMDAwMCwidXBkYXRlIjoyNzAwMDAwMDAwMDAwfX0=",
          "dependencies": [
            "module.vm3a.azurerm_network_interface.example",
            "module.vm3a.data.azurerm_subnet.example"
          ]
        }
      ]
    },
    {
      "module": "module.vnet1",
      "mode": "data",
      "type": "azurerm_resource_group",
      "name": "rg",
      "provider": "provider[\"registry.terraform.io/hashicorp/azurerm\"]",
      "instances": [
        {
          "schema_version": 0,
          "attributes": {
            "id": "/subscriptions/b4401848-2108-40d4-880d-2c20c49bfffa/resourceGroups/rg-testing-dev-ci-01",
            "location": "centralindia",
            "managed_by": "",
            "name": "rg-testing-dev-ci-01",
            "tags": {},
            "timeouts": null
          },
          "sensitive_attributes": []
        }
      ]
    },
    {
      "module": "module.vnet1",
      "mode": "managed",
      "type": "azurerm_virtual_network",
      "name": "example",
      "provider": "provider[\"registry.terraform.io/hashicorp/azurerm\"]",
      "instances": [
        {
          "schema_version": 0,
          "attributes": {
            "address_space": [
              "10.0.0.0/16"
            ],
            "bgp_community": "",
            "ddos_protection_plan": [],
            "dns_servers": [],
            "edge_zone": "",
            "encryption": [],
            "flow_timeout_in_minutes": 0,
            "guid": "fad82bb2-1536-4ecf-8a3e-f9e3b4f04040",
            "id": "/subscriptions/b4401848-2108-40d4-880d-2c20c49bfffa/resourceGroups/rg-testing-dev-ci-01/providers/Microsoft.Network/virtualNetworks/vnet-test",
            "location": "centralindia",
            "name": "vnet-test",
            "resource_group_name": "rg-testing-dev-ci-01",
            "subnet": [
              {
                "address_prefix": "10.0.1.0/24",
                "id": "/subscriptions/b4401848-2108-40d4-880d-2c20c49bfffa/resourceGroups/rg-testing-dev-ci-01/providers/Microsoft.Network/virtualNetworks/vnet-test/subnets/default",
                "name": "default",
                "security_group": ""
              },
              {
                "address_prefix": "10.0.2.0/24",
                "id": "/subscriptions/b4401848-2108-40d4-880d-2c20c49bfffa/resourceGroups/rg-testing-dev-ci-01/providers/Microsoft.Network/virtualNetworks/vnet-test/subnets/subnet2",
                "name": "subnet2",
                "security_group": ""
              }
            ],
            "tags": {},
            "timeouts": null
          },
          "sensitive_attributes": [],
          "private": "eyJlMmJmYjczMC1lY2FhLTExZTYtOGY4OC0zNDM2M2JjN2M0YzAiOnsiY3JlYXRlIjoxODAwMDAwMDAwMDAwLCJkZWxldGUiOjE4MDAwMDAwMDAwMDAsInJlYWQiOjMwMDAwMDAwMDAwMCwidXBkYXRlIjoxODAwMDAwMDAwMDAwfX0=",
          "dependencies": [
            "module.vnet1.data.azurerm_resource_group.rg"
          ]
        }
      ]
    },
    {
      "module": "module.vnet2",
      "mode": "data",
      "type": "azurerm_resource_group",
      "name": "rg",
      "provider": "provider[\"registry.terraform.io/hashicorp/azurerm\"]",
      "instances": [
        {
          "schema_version": 0,
          "attributes": {
            "id": "/subscriptions/b4401848-2108-40d4-880d-2c20c49bfffa/resourceGroups/rg-testing-dev-ci-01",
            "location": "centralindia",
            "managed_by": "",
            "name": "rg-testing-dev-ci-01",
            "tags": {},
            "timeouts": null
          },
          "sensitive_attributes": []
        }
      ]
    },
    {
      "module": "module.vnet2",
      "mode": "managed",
      "type": "azurerm_virtual_network",
      "name": "example",
      "provider": "provider[\"registry.terraform.io/hashicorp/azurerm\"]",
      "instances": [
        {
          "schema_version": 0,
          "attributes": {
            "address_space": [
              "10.1.0.0/16"
            ],
            "bgp_community": "",
            "ddos_protection_plan": [],
            "dns_servers": [],
            "edge_zone": "",
            "encryption": [],
            "flow_timeout_in_minutes": 0,
            "guid": "46d2b2b4-2dd8-4669-970c-5fe18a781f40",
            "id": "/subscriptions/b4401848-2108-40d4-880d-2c20c49bfffa/resourceGroups/rg-testing-dev-ci-01/providers/Microsoft.Network/virtualNetworks/vnet-prod",
            "location": "centralindia",
            "name": "vnet-prod",
            "resource_group_name": "rg-testing-dev-ci-01",
            "subnet": [
              {
                "address_prefix": "10.1.1.0/24",
                "id": "/subscriptions/b4401848-2108-40d4-880d-2c20c49bfffa/resourceGroups/rg-testing-dev-ci-01/providers/Microsoft.Network/virtualNetworks/vnet-prod/subnets/default",
                "name": "default",
                "security_group": ""
              },
              {
                "address_prefix": "10.1.2.0/24",
                "id": "/subscriptions/b4401848-2108-40d4-880d-2c20c49bfffa/resourceGroups/rg-testing-dev-ci-01/providers/Microsoft.Network/virtualNetworks/vnet-prod/subnets/AzureBastionSubnet",
                "name": "AzureBastionSubnet",
                "security_group": ""
              }
            ],
            "tags": {},
            "timeouts": null
          },
          "sensitive_attributes": [],
          "private": "eyJlMmJmYjczMC1lY2FhLTExZTYtOGY4OC0zNDM2M2JjN2M0YzAiOnsiY3JlYXRlIjoxODAwMDAwMDAwMDAwLCJkZWxldGUiOjE4MDAwMDAwMDAwMDAsInJlYWQiOjMwMDAwMDAwMDAwMCwidXBkYXRlIjoxODAwMDAwMDAwMDAwfX0=",
          "dependencies": [
            "module.vnet2.data.azurerm_resource_group.rg"
          ]
        }
      ]
    },
    {
      "module": "module.vnet3",
      "mode": "data",
      "type": "azurerm_resource_group",
      "name": "rg",
      "provider": "provider[\"registry.terraform.io/hashicorp/azurerm\"]",
      "instances": [
        {
          "schema_version": 0,
          "attributes": {
            "id": "/subscriptions/b4401848-2108-40d4-880d-2c20c49bfffa/resourceGroups/rg-testing-dev-ci-01",
            "location": "centralindia",
            "managed_by": "",
            "name": "rg-testing-dev-ci-01",
            "tags": {},
            "timeouts": null
          },
          "sensitive_attributes": []
        }
      ]
    },
    {
      "module": "module.vnet3",
      "mode": "managed",
      "type": "azurerm_virtual_network",
      "name": "example",
      "provider": "provider[\"registry.terraform.io/hashicorp/azurerm\"]",
      "instances": [
        {
          "schema_version": 0,
          "attributes": {
            "address_space": [
              "10.2.0.0/16"
            ],
            "bgp_community": "",
            "ddos_protection_plan": [],
            "dns_servers": [],
            "edge_zone": "",
            "encryption": [],
            "flow_timeout_in_minutes": 0,
            "guid": "05bfb39c-96bb-4442-8e17-1365cb87de2b",
            "id": "/subscriptions/b4401848-2108-40d4-880d-2c20c49bfffa/resourceGroups/rg-testing-dev-ci-01/providers/Microsoft.Network/virtualNetworks/vnet-nonprod",
            "location": "centralindia",
            "name": "vnet-nonprod",
            "resource_group_name": "rg-testing-dev-ci-01",
            "subnet": [
              {
                "address_prefix": "10.2.1.0/24",
                "id": "/subscriptions/b4401848-2108-40d4-880d-2c20c49bfffa/resourceGroups/rg-testing-dev-ci-01/providers/Microsoft.Network/virtualNetworks/vnet-nonprod/subnets/default",
                "name": "default",
                "security_group": ""
              },
              {
                "address_prefix": "10.2.2.0/24",
                "id": "/subscriptions/b4401848-2108-40d4-880d-2c20c49bfffa/resourceGroups/rg-testing-dev-ci-01/providers/Microsoft.Network/virtualNetworks/vnet-nonprod/subnets/subnet2",
                "name": "subnet2",
                "security_group": ""
              }
            ],
            "tags": {},
            "timeouts": null
          },
          "sensitive_attributes": [],
          "private": "eyJlMmJmYjczMC1lY2FhLTExZTYtOGY4OC0zNDM2M2JjN2M0YzAiOnsiY3JlYXRlIjoxODAwMDAwMDAwMDAwLCJkZWxldGUiOjE4MDAwMDAwMDAwMDAsInJlYWQiOjMwMDAwMDAwMDAwMCwidXBkYXRlIjoxODAwMDAwMDAwMDAwfX0=",
          "dependencies": [
            "module.vnet3.data.azurerm_resource_group.rg"
          ]
        }
      ]
    }
  ],
  "check_results": null
}
